
Microsoft Visual Studio Solution File, Format Version 12.00
# Visual Studio Version 16
VisualStudioVersion = 16.0.29306.81
MinimumVisualStudioVersion = 10.0.40219.1
Project("{FAE04EC0-301F-11D3-BF4B-00C04F79EFBC}") = "AddGuid", "AddGuid\AddGuid.csproj", "{E81F619F-526A-4EEF-A745-42C110B91634}"
EndProject
Global
	GlobalSection(SolutionConfigurationPlatforms) = preSolution
		Debug|Any CPU = Debug|Any CPU
		Release|Any CPU = Release|Any CPU
	EndGlobalSection
	GlobalSection(ProjectConfigurationPlatforms) = postSolution
		{E81F619F-526A-4EEF-A745-42C110B91634}.Debug|Any CPU.ActiveCfg = Debug|Any CPU
		{E81F619F-526A-4EEF-A745-42C110B91634}.Debug|Any CPU.Build.0 = Debug|Any CPU
		{E81F619F-526A-4EEF-A745-42C110B91634}.Release|Any CPU.ActiveCfg = Release|Any CPU
		{E81F619F-526A-4EEF-A745-42C110B91634}.Release|Any CPU.Build.0 = Release|Any CPU
	EndGlobalSection
	GlobalSection(SolutionProperties) = preSolution
		HideSolutionNode = FALSE
	EndGlobalSection
	GlobalSection(ExtensibilityGlobals) = postSolution
		SolutionGuid = {24EC3E33-8833-41E9-A6ED-E0784E7C53DA}
	EndGlobalSection
EndGlobal
